
Microsoft Visual Studio Solution File, Format Version 12.00
# Visual Studio Version 16
VisualStudioVersion = 16.0.31624.102
MinimumVisualStudioVersion = 10.0.40219.1
Project("{9A19103F-16F7-4668-BE54-9A1E7A4F7556}") = "BulkyBook", "BulkyBook\BulkyBook.csproj", "{08AE8BAF-923E-4707-B16F-E60B9972BEB7}"
EndProject
Project("{FAE04EC0-301F-11D3-BF4B-00C04F79EFBC}") = "BulkyBook.DataAccess", "BulkyBook.DataAccess\BulkyBook.DataAccess.csproj", "{07E73000-8475-49E6-A74F-7F31E077CC06}"
EndProject
Project("{FAE04EC0-301F-11D3-BF4B-00C04F79EFBC}") = "BulkyBook.Models", "BulkyBook.Models\BulkyBook.Models.csproj", "{D375FBF1-8ADA-4CD3-A41A-7DAE2559DC1A}"
EndProject
Project("{FAE04EC0-301F-11D3-BF4B-00C04F79EFBC}") = "BulkyBook.Utility", "BulkyBook.Utility\BulkyBook.Utility.csproj", "{D077E5F7-9B8D-4AAA-BF86-B25A5B710227}"
EndProject
Global
	GlobalSection(SolutionConfigurationPlatforms) = preSolution
		Debug|Any CPU = Debug|Any CPU
		Release|Any CPU = Release|Any CPU
	EndGlobalSection
	GlobalSection(ProjectConfigurationPlatforms) = postSolution
		{08AE8BAF-923E-4707-B16F-E60B9972BEB7}.Debug|Any CPU.ActiveCfg = Debug|Any CPU
		{08AE8BAF-923E-4707-B16F-E60B9972BEB7}.Debug|Any CPU.Build.0 = Debug|Any CPU
		{08AE8BAF-923E-4707-B16F-E60B9972BEB7}.Release|Any CPU.ActiveCfg = Release|Any CPU
		{08AE8BAF-923E-4707-B16F-E60B9972BEB7}.Release|Any CPU.Build.0 = Release|Any CPU
		{07E73000-8475-49E6-A74F-7F31E077CC06}.Debug|Any CPU.ActiveCfg = Debug|Any CPU
		{07E73000-8475-49E6-A74F-7F31E077CC06}.Debug|Any CPU.Build.0 = Debug|Any CPU
		{07E73000-8475-49E6-A74F-7F31E077CC06}.Release|Any CPU.ActiveCfg = Release|Any CPU
		{07E73000-8475-49E6-A74F-7F31E077CC06}.Release|Any CPU.Build.0 = Release|Any CPU
		{D375FBF1-8ADA-4CD3-A41A-7DAE2559DC1A}.Debug|Any CPU.ActiveCfg = Debug|Any CPU
		{D375FBF1-8ADA-4CD3-A41A-7DAE2559DC1A}.Debug|Any CPU.Build.0 = Debug|Any CPU
		{D375FBF1-8ADA-4CD3-A41A-7DAE2559DC1A}.Release|Any CPU.ActiveCfg = Release|Any CPU
		{D375FBF1-8ADA-4CD3-A41A-7DAE2559DC1A}.Release|Any CPU.Build.0 = Release|Any CPU
		{D077E5F7-9B8D-4AAA-BF86-B25A5B710227}.Debug|Any CPU.ActiveCfg = Debug|Any CPU
		{D077E5F7-9B8D-4AAA-BF86-B25A5B710227}.Debug|Any CPU.Build.0 = Debug|Any CPU
		{D077E5F7-9B8D-4AAA-BF86-B25A5B710227}.Release|Any CPU.ActiveCfg = Release|Any CPU
		{D077E5F7-9B8D-4AAA-BF86-B25A5B710227}.Release|Any CPU.Build.0 = Release|Any CPU
	EndGlobalSection
	GlobalSection(SolutionProperties) = preSolution
		HideSolutionNode = FALSE
	EndGlobalSection
	GlobalSection(ExtensibilityGlobals) = postSolution
		SolutionGuid = {C0E4EE11-DE75-4F75-B5DC-B556090DBC36}
	EndGlobalSection
EndGlobal
